
Microsoft Visual Studio Solution File, Format Version 12.00
# Visual Studio Version 16
VisualStudioVersion = 16.0.32510.428
MinimumVisualStudioVersion = 10.0.40219.1
Project("{FAE04EC0-301F-11D3-BF4B-00C04F79EFBC}") = "Mid_project", "Mid_project\Mid_project.csproj", "{B7523C9B-1AF0-4F79-9C1F-41BD84AD0F26}"
EndProject
Global
	GlobalSection(SolutionConfigurationPlatforms) = preSolution
		Debug|Any CPU = Debug|Any CPU
		Release|Any CPU = Release|Any CPU
	EndGlobalSection
	GlobalSection(ProjectConfigurationPlatforms) = postSolution
		{B7523C9B-1AF0-4F79-9C1F-41BD84AD0F26}.Debug|Any CPU.ActiveCfg = Debug|Any CPU
		{B7523C9B-1AF0-4F79-9C1F-41BD84AD0F26}.Debug|Any CPU.Build.0 = Debug|Any CPU
		{B7523C9B-1AF0-4F79-9C1F-41BD84AD0F26}.Release|Any CPU.ActiveCfg = Release|Any CPU
		{B7523C9B-1AF0-4F79-9C1F-41BD84AD0F26}.Release|Any CPU.Build.0 = Release|Any CPU
	EndGlobalSection
	GlobalSection(SolutionProperties) = preSolution
		HideSolutionNode = FALSE
	EndGlobalSection
	GlobalSection(ExtensibilityGlobals) = postSolution
		SolutionGuid = {FC390889-2161-45D9-AA26-CFF325AB9AE5}
	EndGlobalSection
EndGlobal
